
Microsoft Visual Studio Solution File, Format Version 12.00
# Visual Studio Version 17
VisualStudioVersion = 17.2.32526.322
MinimumVisualStudioVersion = 10.0.40219.1
Project("{FAE04EC0-301F-11D3-BF4B-00C04F79EFBC}") = "MachEightChallenge", "MachEightChallenge\MachEightChallenge.csproj", "{BEBAC849-3BDB-4684-B9FE-106B9E1C4066}"
EndProject
Global
	GlobalSection(SolutionConfigurationPlatforms) = preSolution
		Debug|Any CPU = Debug|Any CPU
		Release|Any CPU = Release|Any CPU
	EndGlobalSection
	GlobalSection(ProjectConfigurationPlatforms) = postSolution
		{BEBAC849-3BDB-4684-B9FE-106B9E1C4066}.Debug|Any CPU.ActiveCfg = Debug|Any CPU
		{BEBAC849-3BDB-4684-B9FE-106B9E1C4066}.Debug|Any CPU.Build.0 = Debug|Any CPU
		{BEBAC849-3BDB-4684-B9FE-106B9E1C4066}.Release|Any CPU.ActiveCfg = Release|Any CPU
		{BEBAC849-3BDB-4684-B9FE-106B9E1C4066}.Release|Any CPU.Build.0 = Release|Any CPU
	EndGlobalSection
	GlobalSection(SolutionProperties) = preSolution
		HideSolutionNode = FALSE
	EndGlobalSection
	GlobalSection(ExtensibilityGlobals) = postSolution
		SolutionGuid = {1AB59093-DFBC-4EE4-8794-7629F06C9500}
	EndGlobalSection
EndGlobal
